#MicroXplorer Configuration settings - do not modify
CAD.formats=
CAD.pinconfig=
CAD.provider=
CortexM0Plus.IPs=ADV_TRACE,DMA,GPIO,GTZC_S\:I,IPCC,LORAWAN,MISC,NVIC2\:I,RCC,SEQUENCER_M0PLUS\:I,SIGFOX,SUBGHZ\:I,SUBGHZ_PHY,SYS_M0PLUS\:I,TIMER,TINY_LPM
CortexM4.IPs=ADV_TRACE\:I,DMA\:I,FATFS\:I,FREERTOS\:I,GPIO\:I,GTZC_NS\:I,IPCC\:I,LORAWAN\:I,MISC\:I,NVIC1\:I,RCC\:I,SEQUENCER_M4\:I,SIGFOX\:I,SUBGHZ_PHY\:I,SYS\:I,TIMER\:I,TINY_LPM\:I,TIM2\:I,TIM17\:I,USART1\:I,USART2\:I,DEBUG\:I
File.Version=6
KeepUserPlacement=false
Mcu.CPN=STM32WL5MOCH6TR
Mcu.Context0=CortexM4
Mcu.Context1=CortexM0Plus
Mcu.ContextNb=2
Mcu.ContextProject=DualCore
Mcu.Family=STM32WL
Mcu.IP0=DEBUG
Mcu.IP1=NVIC1
Mcu.IP2=NVIC2
Mcu.IP3=RCC
Mcu.IP4=SYS_M0PLUS
Mcu.IP5=SYS
Mcu.IP6=TIM2
Mcu.IP7=TIM17
Mcu.IP8=USART1
Mcu.IP9=USART2
Mcu.IPNb=10
Mcu.Name=STM32WL5MOCHx
Mcu.Package=LGA92
Mcu.Pin0=PC0
Mcu.Pin1=PB6
Mcu.Pin10=PA9
Mcu.Pin11=PA0
Mcu.Pin12=PA10
Mcu.Pin13=PA13
Mcu.Pin14=PA14
Mcu.Pin15=PB3
Mcu.Pin16=VP_SYS_VS_Systick
Mcu.Pin17=VP_SYS_M0PLUS_VS_Systick
Mcu.Pin18=VP_TIM17_VS_ClockSourceINT
Mcu.Pin2=PC1
Mcu.Pin3=PC6
Mcu.Pin4=PB11
Mcu.Pin5=PA3
Mcu.Pin6=PA2
Mcu.Pin7=PA7
Mcu.Pin8=PB10
Mcu.Pin9=PA4
Mcu.PinsNb=19
Mcu.ThirdPartyNb=0
Mcu.UserConstants=
Mcu.UserName=STM32WL5MOCHx
MxCube.Version=6.13.0
MxDb.Version=DB.6.0.130
NVIC1.BusFault_IRQn=true\:0\:0\:false\:false\:true\:false\:false\:false
NVIC1.DebugMonitor_IRQn=true\:0\:0\:false\:false\:true\:false\:false\:false
NVIC1.ForceEnableDMAVector=true
NVIC1.HardFault_IRQn=true\:0\:0\:false\:false\:true\:false\:false\:false
NVIC1.MemoryManagement_IRQn=true\:0\:0\:false\:false\:true\:false\:false\:false
NVIC1.NonMaskableInt_IRQn=true\:0\:0\:false\:false\:true\:false\:false\:false
NVIC1.PendSV_IRQn=true\:0\:0\:false\:false\:true\:false\:false\:false
NVIC1.PriorityGroup=NVIC_PRIORITYGROUP_4
NVIC1.SVCall_IRQn=true\:0\:0\:false\:false\:true\:false\:false\:false
NVIC1.SysTick_IRQn=true\:15\:0\:false\:false\:true\:false\:true\:false
NVIC1.UsageFault_IRQn=true\:0\:0\:false\:false\:true\:false\:false\:false
NVIC2.ForceEnableDMAVector=true
NVIC2.HardFault_IRQn=true\:0\:0\:false\:false\:true\:false\:false\:false
NVIC2.NonMaskableInt_IRQn=true\:0\:0\:false\:false\:true\:false\:false\:false
NVIC2.PendSV_IRQn=true\:0\:0\:false\:false\:true\:false\:false\:false
NVIC2.SVC_IRQn=true\:0\:0\:false\:false\:true\:false\:false\:true
NVIC2.SysTick_IRQn=true\:3\:0\:false\:false\:true\:false\:true\:false
PA0.Mode=Hardware NSS Management
PA0.Signal=USART2_NSS
PA10.Mode=Asynchronous
PA10.Signal=USART1_RX
PA13.Mode=Trace_Asynchronous_SW
PA13.Signal=DEBUG_JTMS-SWDIO
PA14.Mode=Trace_Asynchronous_SW
PA14.Signal=DEBUG_JTCK-SWCLK
PA2.Mode=Synchronous Slave
PA2.Signal=USART2_TX
PA3.Mode=Synchronous Slave
PA3.Signal=USART2_RX
PA4.Mode=Synchronous Slave
PA4.Signal=USART2_CK
PA7.GPIOParameters=GPIO_Label
PA7.GPIO_Label=BLUE
PA7.Locked=true
PA7.Signal=S_TIM17_CH1
PA9.Mode=Asynchronous
PA9.Signal=USART1_TX
PB10.GPIOParameters=GPIO_Label
PB10.GPIO_Label=RED
PB10.Signal=S_TIM2_CH3
PB11.GPIOParameters=GPIO_Label
PB11.GPIO_Label=GREEN
PB11.Locked=true
PB11.Signal=S_TIM2_CH4
PB3.Mode=Trace_Asynchronous_SW
PB3.Signal=DEBUG_JTDO-SWO
PB6.GPIOParameters=GPIO_Label
PB6.GPIO_Label=EN_HP_BIAS
PB6.Locked=true
PB6.Signal=GPIO_Output
PC0.GPIOParameters=GPIO_Label
PC0.GPIO_Label=EN_HP_SUPPLY
PC0.Locked=true
PC0.Signal=GPIO_Output
PC1.GPIOParameters=GPIO_Label
PC1.GPIO_Label=EN_LP_BIAS
PC1.Locked=true
PC1.Signal=GPIO_Output
PC6.GPIOParameters=GPIO_Label
PC6.GPIO_Label=EN_LP_SUPPLY
PC6.Locked=true
PC6.Signal=GPIO_Output
PCC.SUBGHZ.FrequencyBand=High
PCC.SUBGHZ.Modulation=FSK
PCC.SUBGHZ.OptionalSettings=false
PCC.SUBGHZ.Output.Power=14
PCC.SUBGHZ.PowerAmplifier=Low Power
PCC.SUBGHZ.RxBoosted=false
PCC.SUBGHZ.SMPS=Off
PinOutPanel.CurrentBGAView=Top
PinOutPanel.RotationAngle=0
ProjectManager.AskForMigrate=true
ProjectManager.BackupPrevious=false
ProjectManager.BootMode=boot0
ProjectManager.CompilerOptimize=6
ProjectManager.ComputerToolchain=false
ProjectManager.CoupleFile=false
ProjectManager.CustomerFirmwarePackage=
ProjectManager.DefaultFWLocation=true
ProjectManager.DeletePrevious=true
ProjectManager.DeviceId=STM32WL5MOCHx
ProjectManager.FirmwarePackage=STM32Cube FW_WL V1.3.0
ProjectManager.FreePins=false
ProjectManager.HalAssertFull=false
ProjectManager.HeapSize=M4-0x200,M0P-0x200
ProjectManager.KeepUserCode=true
ProjectManager.LastFirmware=true
ProjectManager.LibraryCopy=1
ProjectManager.MainLocation=Core/Src
ProjectManager.NoMain=false
ProjectManager.PreviousToolchain=
ProjectManager.ProjectBuild=false
ProjectManager.ProjectFileName=aerosantinel_echo.ioc
ProjectManager.ProjectName=aerosantinel_echo
ProjectManager.ProjectStructure=M4\:CortexM4 Project\:true;M0P\:CortexM0Plus Project\:true;
ProjectManager.RegisterCallBack=
ProjectManager.StackSize=M4-0x400,M0P-0x400
ProjectManager.TargetToolchain=STM32CubeIDE
ProjectManager.ToolChainLocation=
ProjectManager.UAScriptAfterPath=
ProjectManager.UAScriptBeforePath=
ProjectManager.UnderRoot=true
ProjectManager.functionlistsort=1-SystemClock_Config-RCC-false-HAL-false-CortexM4,2-MX_GPIO_Init-GPIO-false-HAL-true-CortexM4,3-MX_TIM2_Init-TIM2-false-HAL-true-CortexM4,4-MX_TIM17_Init-TIM17-false-HAL-true-CortexM4,5-MX_USART1_UART_Init-USART1-false-HAL-true-CortexM4,6-MX_USART2_Init-USART2-false-HAL-true-CortexM4
RCC.FamilyName=M
RCC.HCLK2Freq_Value=4000000
RCC.HSE_VALUE=32000000
RCC.HSI_VALUE=16000000
RCC.I2S2Freq_Value=16000000
RCC.IPParameters=FamilyName,HCLK2Freq_Value,HSE_VALUE,HSI_VALUE,I2S2Freq_Value,LSCOPinFreq_Value,LSE_VALUE,PLLPoutputFreq_Value,PLLQoutputFreq_Value,PLLRCLKFreq_Value,RNGFreq_Value,VCOInputFreq_Value,VCOOutputFreq_Value
RCC.LSCOPinFreq_Value=32000
RCC.LSE_VALUE=32768
RCC.PLLPoutputFreq_Value=16000000
RCC.PLLQoutputFreq_Value=16000000
RCC.PLLRCLKFreq_Value=16000000
RCC.RNGFreq_Value=32000
RCC.VCOInputFreq_Value=4000000
RCC.VCOOutputFreq_Value=32000000
SH.S_TIM17_CH1.0=TIM17_CH1,PWM Generation1 CH1
SH.S_TIM17_CH1.ConfNb=1
SH.S_TIM2_CH3.0=TIM2_CH3,PWM Generation3 CH3
SH.S_TIM2_CH3.ConfNb=1
SH.S_TIM2_CH4.0=TIM2_CH4,PWM Generation4 CH4
SH.S_TIM2_CH4.ConfNb=1
SYS.userName=SYS_M4
SYS_M0PLUS.userName=SYS_M0+
TIM17.Channel=TIM_CHANNEL_1
TIM17.IPParameters=Channel
TIM2.Channel-PWM\ Generation3\ CH3=TIM_CHANNEL_3
TIM2.Channel-PWM\ Generation4\ CH4=TIM_CHANNEL_4
TIM2.IPParameters=Channel-PWM Generation4 CH4,Channel-PWM Generation3 CH3
USART1.IPParameters=VirtualMode-Asynchronous
USART1.VirtualMode-Asynchronous=VM_ASYNC
USART2.IPParameters=VirtualMode-Synchronous Slave
USART2.VirtualMode-Synchronous\ Slave=VM_SYNC
VP_SYS_M0PLUS_VS_Systick.Mode=SysTick
VP_SYS_M0PLUS_VS_Systick.Signal=SYS_M0PLUS_VS_Systick
VP_SYS_VS_Systick.Mode=SysTick
VP_SYS_VS_Systick.Signal=SYS_VS_Systick
VP_TIM17_VS_ClockSourceINT.Mode=Enable_Timer
VP_TIM17_VS_ClockSourceINT.Signal=TIM17_VS_ClockSourceINT
board=custom
isbadioc=true
